<?xml version="1.0" encoding="utf-8"?>
<Project ToolsVersion="4.0" xmlns="http://schemas.microsoft.com/developer/msbuild/2003">
  <ItemGroup>
    <Filter Include="Source Files">
      <UniqueIdentifier>{4FC737F1-C7A5-4376-A066-2A32D752A2FF}</UniqueIdentifier>
      <Extensions>cpp;c;cc;cxx;def;odl;idl;hpj;bat;asm;asmx</Extensions>
    </Filter>
    <Filter Include="Header Files">
      <UniqueIdentifier>{93995380-89BD-4b04-88EB-625FBE52EBFB}</UniqueIdentifier>
      <Extensions>h;hh;hpp;hxx;hm;inl;inc;xsd</Extensions>
    </Filter>
    <Filter Include="Resource Files">
      <UniqueIdentifier>{67DA6AB6-F800-4c08-8B7A-83BB121AAD01}</UniqueIdentifier>
      <Extensions>rc;ico;cur;bmp;dlg;rc2;rct;bin;rgs;gif;jpg;jpeg;jpe;resx;tiff;tif;png;wav;mfcribbon-ms</Extensions>
    </Filter>
  </ItemGroup>
  <ItemGroup>
    <ClInclude Include="stdafx.h">
      <Filter>Header Files</Filter>
    </ClInclude>
    <ClInclude Include="targetver.h">
      <Filter>Header Files</Filter>
    </ClInclude>
    <ClInclude Include="MainFrm.h">
      <Filter>Header Files</Filter>
    </ClInclude>
    <ClInclude Include="ChildView.h">
      <Filter>Header Files</Filter>
    </ClInclude>
    <ClInclude Include="Resource.h">
      <Filter>Header Files</Filter>
    </ClInclude>
    <ClInclude Include="Tile.h">
      <Filter>Header Files</Filter>
    </ClInclude>
    <ClInclude Include="XmlNode.h">
      <Filter>Header Files</Filter>
    </ClInclude>
    <ClInclude Include="CityApp.h">
      <Filter>Header Files</Filter>
    </ClInclude>
    <ClInclude Include="City.h">
      <Filter>Header Files</Filter>
    </ClInclude>
    <ClInclude Include="TileBuilding.h">
      <Filter>Header Files</Filter>
    </ClInclude>
    <ClInclude Include="TileLandscape.h">
      <Filter>Header Files</Filter>
    </ClInclude>
    <ClInclude Include="TileRoad.h">
      <Filter>Header Files</Filter>
    </ClInclude>
    <ClInclude Include="TileCoalmine.h">
      <Filter>Header Files</Filter>
    </ClInclude>
    <ClInclude Include="TilePropertiesDlg.h">
      <Filter>Header Files</Filter>
    </ClInclude>
    <ClInclude Include="DoubleBufferDC.h">
      <Filter>Header Files</Filter>
    </ClInclude>
    <ClInclude Include="Click.h">
      <Filter>Header Files</Filter>
    </ClInclude>
    <ClInclude Include="PointHistory.h">
      <Filter>Header Files</Filter>
    </ClInclude>
    <ClInclude Include="TileVisitor.h">
      <Filter>Header Files</Filter>
    </ClInclude>
    <ClInclude Include="BuildingCounter.h">
      <Filter>Header Files</Filter>
    </ClInclude>
    <ClInclude Include="TileFan.h">
      <Filter>Header Files</Filter>
    </ClInclude>
    <ClInclude Include="FanCount.h">
      <Filter>Header Files</Filter>
    </ClInclude>
    <ClInclude Include="FanSeason.h">
      <Filter>Header Files</Filter>
    </ClInclude>
  </ItemGroup>
  <ItemGroup>
    <ClCompile Include="stdafx.cpp">
      <Filter>Source Files</Filter>
    </ClCompile>
    <ClCompile Include="MainFrm.cpp">
      <Filter>Source Files</Filter>
    </ClCompile>
    <ClCompile Include="ChildView.cpp">
      <Filter>Source Files</Filter>
    </ClCompile>
    <ClCompile Include="Tile.cpp">
      <Filter>Source Files</Filter>
    </ClCompile>
    <ClCompile Include="XmlNode.cpp">
      <Filter>Source Files</Filter>
    </ClCompile>
    <ClCompile Include="CityApp.cpp">
      <Filter>Source Files</Filter>
    </ClCompile>
    <ClCompile Include="City.cpp">
      <Filter>Source Files</Filter>
    </ClCompile>
    <ClCompile Include="TileBuilding.cpp">
      <Filter>Source Files</Filter>
    </ClCompile>
    <ClCompile Include="TileLandscape.cpp">
      <Filter>Source Files</Filter>
    </ClCompile>
    <ClCompile Include="TileRoad.cpp">
      <Filter>Source Files</Filter>
    </ClCompile>
    <ClCompile Include="TileCoalmine.cpp">
      <Filter>Source Files</Filter>
    </ClCompile>
    <ClCompile Include="TilePropertiesDlg.cpp">
      <Filter>Source Files</Filter>
    </ClCompile>
    <ClCompile Include="PointHistory.cpp">
      <Filter>Source Files</Filter>
    </ClCompile>
    <ClCompile Include="TileVisitor.cpp">
      <Filter>Source Files</Filter>
    </ClCompile>
    <ClCompile Include="BuildingCounter.cpp">
      <Filter>Source Files</Filter>
    </ClCompile>
    <ClCompile Include="TileFan.cpp">
      <Filter>Source Files</Filter>
    </ClCompile>
    <ClCompile Include="FanCount.cpp">
      <Filter>Source Files</Filter>
    </ClCompile>
    <ClCompile Include="FanSeason.cpp">
      <Filter>Source Files</Filter>
    </ClCompile>
  </ItemGroup>
  <ItemGroup>
    <ResourceCompile Include="City.rc">
      <Filter>Resource Files</Filter>
    </ResourceCompile>
  </ItemGroup>
  <ItemGroup>
    <None Include="res\City.rc2">
      <Filter>Resource Files</Filter>
    </None>
  </ItemGroup>
  <ItemGroup>
    <Image Include="res\City.ico">
      <Filter>Resource Files</Filter>
    </Image>
    <Image Include="res\Toolbar.bmp">
      <Filter>Resource Files</Filter>
    </Image>
    <Image Include="res\ToolbarH.bmp">
      <Filter>Resource Files</Filter>
    </Image>
    <Image Include="res\tbgrass.bmp">
      <Filter>Resource Files</Filter>
    </Image>
    <Image Include="res\tbroad.bmp">
      <Filter>Resource Files</Filter>
    </Image>
  </ItemGroup>
</Project>